
Microsoft Visual Studio Solution File, Format Version 12.00
# Visual Studio Version 16
VisualStudioVersion = 16.0.30011.22
MinimumVisualStudioVersion = 10.0.40219.1
Project("{FAE04EC0-301F-11D3-BF4B-00C04F79EFBC}") = "game1", "game1\game1.csproj", "{94A09310-6D5A-4D88-8BAD-4ACCC9DC1415}"
EndProject
Global
	GlobalSection(SolutionConfigurationPlatforms) = preSolution
		Debug|Any CPU = Debug|Any CPU
		Release|Any CPU = Release|Any CPU
	EndGlobalSection
	GlobalSection(ProjectConfigurationPlatforms) = postSolution
		{94A09310-6D5A-4D88-8BAD-4ACCC9DC1415}.Debug|Any CPU.ActiveCfg = Debug|Any CPU
		{94A09310-6D5A-4D88-8BAD-4ACCC9DC1415}.Debug|Any CPU.Build.0 = Debug|Any CPU
		{94A09310-6D5A-4D88-8BAD-4ACCC9DC1415}.Release|Any CPU.ActiveCfg = Release|Any CPU
		{94A09310-6D5A-4D88-8BAD-4ACCC9DC1415}.Release|Any CPU.Build.0 = Release|Any CPU
	EndGlobalSection
	GlobalSection(SolutionProperties) = preSolution
		HideSolutionNode = FALSE
	EndGlobalSection
	GlobalSection(ExtensibilityGlobals) = postSolution
		SolutionGuid = {E360494A-41E8-4B66-97A7-70C1AA76914D}
	EndGlobalSection
EndGlobal
